
Microsoft Visual Studio Solution File, Format Version 12.00
# Visual Studio Version 17
VisualStudioVersion = 17.10.35122.118
MinimumVisualStudioVersion = 10.0.40219.1
Project("{FAE04EC0-301F-11D3-BF4B-00C04F79EFBC}") = "9_23_WimForm", "9_23_WimForm\9_23_WimForm.csproj", "{FBB2F6D8-18AB-488D-8B30-48E3CDC74A55}"
EndProject
Global
	GlobalSection(SolutionConfigurationPlatforms) = preSolution
		Debug|Any CPU = Debug|Any CPU
		Release|Any CPU = Release|Any CPU
	EndGlobalSection
	GlobalSection(ProjectConfigurationPlatforms) = postSolution
		{FBB2F6D8-18AB-488D-8B30-48E3CDC74A55}.Debug|Any CPU.ActiveCfg = Debug|Any CPU
		{FBB2F6D8-18AB-488D-8B30-48E3CDC74A55}.Debug|Any CPU.Build.0 = Debug|Any CPU
		{FBB2F6D8-18AB-488D-8B30-48E3CDC74A55}.Release|Any CPU.ActiveCfg = Release|Any CPU
		{FBB2F6D8-18AB-488D-8B30-48E3CDC74A55}.Release|Any CPU.Build.0 = Release|Any CPU
	EndGlobalSection
	GlobalSection(SolutionProperties) = preSolution
		HideSolutionNode = FALSE
	EndGlobalSection
	GlobalSection(ExtensibilityGlobals) = postSolution
		SolutionGuid = {78EA6A06-D3B9-4675-ADF4-E11F33D8CCC0}
	EndGlobalSection
EndGlobal
